{
  "name": "@cobusgreyling/goal",
  "version": "1.0.0",
  "lockfileVersion": 3,
  "requires": true,
  "packages": {
    "": {
      "name": "@cobusgreyling/goal",
      "version": "1.0.0",
      "license": "MIT",
      "dependencies": {
        "@cobusgreyling/goal-audit": "1.2.0",
        "@cobusgreyling/goal-cost": "1.0.0",
        "@cobusgreyling/goal-init": "1.1.0"
      },
      "bin": {
        "goal": "dist/cli.js"
      },
      "devDependencies": {
        "@types/node": "^25.9.3",
        "typescript": "^5.0.0"
      },
      "engines": {
        "node": ">=18"
      }
    },
    "../goal-audit": {
      "name": "@cobusgreyling/goal-audit",
      "version": "1.2.0",
      "license": "MIT",
      "bin": {
        "goal-audit": "dist/cli.js"
      },
      "devDependencies": {
        "@types/node": "^25.9.3",
        "typescript": "^5.0.0"
      },
      "engines": {
        "node": ">=18"
      }
    },
    "../goal-audit/node_modules/@types/node": {
      "version": "25.9.4",
      "dev": true,
      "license": "MIT",
      "dependencies": {
        "undici-types": ">=7.24.0 <7.24.7"
      }
    },
    "../goal-audit/node_modules/typescript": {
      "version": "5.9.3",
      "dev": true,
      "license": "Apache-2.0",
      "bin": {
        "tsc": "bin/tsc",
        "tsserver": "bin/tsserver"
      },
      "engines": {
        "node": ">=14.17"
      }
    },
    "../goal-audit/node_modules/undici-types": {
      "version": "7.24.6",
      "dev": true,
      "license": "MIT"
    },
    "../goal-cost": {
      "name": "@cobusgreyling/goal-cost",
      "version": "1.0.0",
      "license": "MIT",
      "bin": {
        "goal-cost": "dist/cli.js"
      },
      "devDependencies": {
        "@types/node": "^25.9.3",
        "typescript": "^5.0.0",
        "yaml": "^2.8.2"
      },
      "engines": {
        "node": ">=18"
      }
    },
    "../goal-cost/node_modules/@types/node": {
      "version": "25.9.4",
      "dev": true,
      "license": "MIT",
      "dependencies": {
        "undici-types": ">=7.24.0 <7.24.7"
      }
    },
    "../goal-cost/node_modules/typescript": {
      "version": "5.9.3",
      "dev": true,
      "license": "Apache-2.0",
      "bin": {
        "tsc": "bin/tsc",
        "tsserver": "bin/tsserver"
      },
      "engines": {
        "node": ">=14.17"
      }
    },
    "../goal-cost/node_modules/undici-types": {
      "version": "7.24.6",
      "dev": true,
      "license": "MIT"
    },
    "../goal-cost/node_modules/yaml": {
      "version": "2.9.0",
      "dev": true,
      "license": "ISC",
      "bin": {
        "yaml": "bin.mjs"
      },
      "engines": {
        "node": ">= 14.6"
      },
      "funding": {
        "url": "https://github.com/sponsors/eemeli"
      }
    },
    "../goal-init": {
      "name": "@cobusgreyling/goal-init",
      "version": "1.1.0",
      "license": "MIT",
      "bin": {
        "goal-init": "dist/cli.js"
      },
      "devDependencies": {
        "@types/node": "^25.9.3",
        "typescript": "^5.0.0"
      },
      "engines": {
        "node": ">=18"
      }
    },
    "../goal-init/node_modules/@types/node": {
      "version": "25.9.4",
      "dev": true,
      "license": "MIT",
      "dependencies": {
        "undici-types": ">=7.24.0 <7.24.7"
      }
    },
    "../goal-init/node_modules/typescript": {
      "version": "5.9.3",
      "dev": true,
      "license": "Apache-2.0",
      "bin": {
        "tsc": "bin/tsc",
        "tsserver": "bin/tsserver"
      },
      "engines": {
        "node": ">=14.17"
      }
    },
    "../goal-init/node_modules/undici-types": {
      "version": "7.24.6",
      "dev": true,
      "license": "MIT"
    },
    "node_modules/@cobusgreyling/goal-audit": {
      "resolved": "../goal-audit",
      "link": true
    },
    "node_modules/@cobusgreyling/goal-cost": {
      "resolved": "../goal-cost",
      "link": true
    },
    "node_modules/@cobusgreyling/goal-init": {
      "resolved": "../goal-init",
      "link": true
    },
    "node_modules/@types/node": {
      "version": "25.9.4",
      "dev": true,
      "license": "MIT",
      "dependencies": {
        "undici-types": ">=7.24.0 <7.24.7"
      }
    },
    "node_modules/typescript": {
      "version": "5.9.3",
      "dev": true,
      "license": "Apache-2.0",
      "bin": {
        "tsc": "bin/tsc",
        "tsserver": "bin/tsserver"
      },
      "engines": {
        "node": ">=14.17"
      }
    },
    "node_modules/undici-types": {
      "version": "7.24.6",
      "dev": true,
      "license": "MIT"
    }
  }
}
